<?xml version="1.0" encoding="utf-8"?>
<Project ToolsVersion="4.0" xmlns="http://schemas.microsoft.com/developer/msbuild/2003">
  <ItemGroup>
    <Filter Include="Sources">
      <UniqueIdentifier>{8b7ed093-66ce-4096-96d2-fbb9faa4bf52}</UniqueIdentifier>
    </Filter>
    <Filter Include="Sources\Modules">
      <UniqueIdentifier>{7b418be2-1631-4a31-9ef2-8a8b234a7339}</UniqueIdentifier>
    </Filter>
    <Filter Include="Sources\Containers">
      <UniqueIdentifier>{afc36133-f401-499a-aa33-0da1e500fb52}</UniqueIdentifier>
    </Filter>
    <Filter Include="Sources\Tools">
      <UniqueIdentifier>{7e4dfaf7-022c-4f7d-92aa-f3b3fa9d6248}</UniqueIdentifier>
    </Filter>
    <Filter Include="Sources\Helpers">
      <UniqueIdentifier>{121f8e6b-df36-4ab0-be0d-601ddfc9e503}</UniqueIdentifier>
    </Filter>
    <Filter Include="Sources\Modules\Editor">
      <UniqueIdentifier>{7dc99363-50ed-41cb-ba59-c627ec6b0d30}</UniqueIdentifier>
    </Filter>
    <Filter Include="Sources\Modules\Editor\TabsEditor">
      <UniqueIdentifier>{62637d66-c11d-4603-9050-24f0ada99ab7}</UniqueIdentifier>
    </Filter>
    <Filter Include="Sources\3rd Party">
      <UniqueIdentifier>{0516848b-4a2a-42d8-98a2-bfdc76f7761d}</UniqueIdentifier>
    </Filter>
    <Filter Include="Sources\3rd Party\Imgui">
      <UniqueIdentifier>{850646f3-1303-4c16-8b20-5324ad085bad}</UniqueIdentifier>
    </Filter>
    <Filter Include="Sources\3rd Party\GPU Detected">
      <UniqueIdentifier>{8645fb03-cfc1-4335-ba05-2c17d8f55bf1}</UniqueIdentifier>
    </Filter>
    <Filter Include="Sources\3rd Party\Parson">
      <UniqueIdentifier>{202ea345-b9a1-46c5-bddc-c09ff95e177e}</UniqueIdentifier>
    </Filter>
    <Filter Include="Sources\3rd Party\Mmgr">
      <UniqueIdentifier>{58462921-e4ae-4079-82eb-0f3d6df7e30d}</UniqueIdentifier>
    </Filter>
  </ItemGroup>
  <ItemGroup>
    <ClInclude Include="Source\Application.h">
      <Filter>Sources</Filter>
    </ClInclude>
    <ClInclude Include="Source\Globals.h">
      <Filter>Sources</Filter>
    </ClInclude>
    <ClInclude Include="Source\Timer.h">
      <Filter>Sources\Tools</Filter>
    </ClInclude>
    <ClInclude Include="Source\Module.h">
      <Filter>Sources\Modules</Filter>
    </ClInclude>
    <ClInclude Include="Source\Camera3D.h">
      <Filter>Sources\Modules</Filter>
    </ClInclude>
    <ClInclude Include="Source\Input.h">
      <Filter>Sources\Modules</Filter>
    </ClInclude>
    <ClInclude Include="Source\Physics3D.h">
      <Filter>Sources\Modules</Filter>
    </ClInclude>
    <ClInclude Include="Source\Renderer3D.h">
      <Filter>Sources\Modules</Filter>
    </ClInclude>
    <ClInclude Include="Source\Window.h">
      <Filter>Sources\Modules</Filter>
    </ClInclude>
    <ClInclude Include="Source\Light.h">
      <Filter>Sources\Helpers</Filter>
    </ClInclude>
    <ClInclude Include="Source\Primitive.h">
      <Filter>Sources\Helpers</Filter>
    </ClInclude>
    <ClInclude Include="Source\Color.h">
      <Filter>Sources\Containers</Filter>
    </ClInclude>
    <ClInclude Include="Source\glmath.h">
      <Filter>Sources\Containers</Filter>
    </ClInclude>
    <ClInclude Include="Source\External\imgui\imgui_impl_sdl.h">
      <Filter>Sources\3rd Party\Imgui</Filter>
    </ClInclude>
    <ClInclude Include="Source\External\imgui\imgui_internal.h">
      <Filter>Sources\3rd Party\Imgui</Filter>
    </ClInclude>
    <ClInclude Include="Source\External\imgui\imstb_rectpack.h">
      <Filter>Sources\3rd Party\Imgui</Filter>
    </ClInclude>
    <ClInclude Include="Source\External\imgui\imstb_textedit.h">
      <Filter>Sources\3rd Party\Imgui</Filter>
    </ClInclude>
    <ClInclude Include="Source\External\imgui\imstb_truetype.h">
      <Filter>Sources\3rd Party\Imgui</Filter>
    </ClInclude>
    <ClInclude Include="Source\External\imgui\imconfig.h">
      <Filter>Sources\3rd Party\Imgui</Filter>
    </ClInclude>
    <ClInclude Include="Source\External\imgui\imgui.h">
      <Filter>Sources\3rd Party\Imgui</Filter>
    </ClInclude>
    <ClInclude Include="Source\Configuration.h">
      <Filter>Sources\Modules\Editor\TabsEditor</Filter>
    </ClInclude>
    <ClInclude Include="Source\Editor.h">
      <Filter>Sources\Modules\Editor</Filter>
    </ClInclude>
    <ClInclude Include="Source\Tab.h">
      <Filter>Sources\Modules\Editor\TabsEditor</Filter>
    </ClInclude>
    <ClInclude Include="Source\ConsoleTab.h">
      <Filter>Sources\Modules\Editor\TabsEditor</Filter>
    </ClInclude>
    <ClInclude Include="Source\External\GPUDetected\DeviceId.h">
      <Filter>Sources\3rd Party\GPU Detected</Filter>
    </ClInclude>
    <ClInclude Include="Source\External\GPUDetected\dxgi1_4.h">
      <Filter>Sources\3rd Party\GPU Detected</Filter>
    </ClInclude>
    <ClInclude Include="Source\External\Imgui\imgui_user.h">
      <Filter>Sources\3rd Party\Imgui</Filter>
    </ClInclude>
    <ClInclude Include="Source\External\imgui\imgui_impl_opengl3.h">
      <Filter>Sources\3rd Party\Imgui</Filter>
    </ClInclude>
    <ClInclude Include="Source\External\imgui\imgui_impl_opengl3_loader.h">
      <Filter>Sources\3rd Party\Imgui</Filter>
    </ClInclude>
    <ClInclude Include="Source\External\Parson\parson.h">
      <Filter>Sources\3rd Party\Parson</Filter>
    </ClInclude>
    <ClInclude Include="Source\FileSystem.h">
    </ClInclude>
    <ClInclude Include="Source\External\Mmgr\mmgr.h">
      <Filter>Sources\3rd Party\Mmgr</Filter>
    </ClInclude>
    <ClInclude Include="Source\External\Mmgr\nommgr.h">
      <Filter>Sources\3rd Party\Mmgr</Filter>
    </ClInclude>
    <ClInclude Include="Source\JsonParser.h">
      <Filter>Sources\Modules</Filter>
    </ClInclude>
  </ItemGroup>
  <ItemGroup>
    <ClCompile Include="Source\Main.cpp">
      <Filter>Sources</Filter>
    </ClCompile>
    <ClCompile Include="Source\Application.cpp">
      <Filter>Sources</Filter>
    </ClCompile>
    <ClCompile Include="Source\log.cpp">
      <Filter>Sources\Tools</Filter>
    </ClCompile>
    <ClCompile Include="Source\Timer.cpp">
      <Filter>Sources\Tools</Filter>
    </ClCompile>
    <ClCompile Include="Source\Camera3D.cpp">
      <Filter>Sources\Modules</Filter>
    </ClCompile>
    <ClCompile Include="Source\Input.cpp">
      <Filter>Sources\Modules</Filter>
    </ClCompile>
    <ClCompile Include="Source\Physics3D.cpp">
      <Filter>Sources\Modules</Filter>
    </ClCompile>
    <ClCompile Include="Source\Renderer3D.cpp">
      <Filter>Sources\Modules</Filter>
    </ClCompile>
    <ClCompile Include="Source\Window.cpp">
      <Filter>Sources\Modules</Filter>
    </ClCompile>
    <ClCompile Include="Source\Light.cpp">
      <Filter>Sources\Helpers</Filter>
    </ClCompile>
    <ClCompile Include="Source\Primitive.cpp">
      <Filter>Sources\Helpers</Filter>
    </ClCompile>
    <ClCompile Include="Source\Color.cpp">
      <Filter>Sources\Containers</Filter>
    </ClCompile>
    <ClCompile Include="Source\glmath.cpp">
      <Filter>Sources\Containers</Filter>
    </ClCompile>
    <ClCompile Include="Source\External\imgui\imgui_impl_sdl.cpp">
      <Filter>Sources\3rd Party\Imgui</Filter>
    </ClCompile>
    <ClCompile Include="Source\External\imgui\imgui_tables.cpp">
      <Filter>Sources\3rd Party\Imgui</Filter>
    </ClCompile>
    <ClCompile Include="Source\External\imgui\imgui_widgets.cpp">
      <Filter>Sources\3rd Party\Imgui</Filter>
    </ClCompile>
    <ClCompile Include="Source\External\imgui\imgui.cpp">
      <Filter>Sources\3rd Party\Imgui</Filter>
    </ClCompile>
    <ClCompile Include="Source\External\imgui\imgui_demo.cpp">
      <Filter>Sources\3rd Party\Imgui</Filter>
    </ClCompile>
    <ClCompile Include="Source\External\imgui\imgui_draw.cpp">
      <Filter>Sources\3rd Party\Imgui</Filter>
    </ClCompile>
    <ClCompile Include="Source\Configuration.cpp">
      <Filter>Sources\Modules\Editor\TabsEditor</Filter>
    </ClCompile>
    <ClCompile Include="Source\Editor.cpp">
      <Filter>Sources\Modules\Editor</Filter>
    </ClCompile>
    <ClCompile Include="Source\Tab.cpp">
      <Filter>Sources\Modules\Editor\TabsEditor</Filter>
    </ClCompile>
    <ClCompile Include="Source\ConsoleTab.cpp">
      <Filter>Sources\Modules\Editor\TabsEditor</Filter>
    </ClCompile>
    <ClCompile Include="Source\External\GPUDetected\DeviceId.cpp">
      <Filter>Sources\3rd Party\GPU Detected</Filter>
    </ClCompile>
    <ClCompile Include="Source\External\Imgui\imgui_user2.cpp">
      <Filter>Sources\3rd Party\Imgui</Filter>
    </ClCompile>
    <ClCompile Include="Source\External\imgui\imgui_impl_opengl3.cpp">
      <Filter>Sources\3rd Party\Imgui</Filter>
    </ClCompile>
    <ClCompile Include="Source\External\Parson\parson.c">
      <Filter>Sources\3rd Party\Parson</Filter>
    </ClCompile>
    <ClCompile Include="Source\FileSystem.cpp">
    </ClCompile>
    <ClCompile Include="Source\External\Mmgr\mmgr.cpp">
      <Filter>Sources\3rd Party\Mmgr</Filter>
    </ClCompile>
    <ClCompile Include="Source\JsonParser.cpp">
      <Filter>Sources\Modules</Filter>
    </ClCompile>
  </ItemGroup>
  <ItemGroup>
    <ResourceCompile Include="FireEngine.rc" />
  </ItemGroup>
</Project>